{
  "R": {
    "Version": "4.3.0",
    "Repositories": [
      {
        "Name": "BioCsoft",
        "URL": "https://bioconductor.org/packages/3.17/bioc"
      },
      {
        "Name": "BioCann",
        "URL": "https://bioconductor.org/packages/3.17/data/annotation"
      },
      {
        "Name": "BioCexp",
        "URL": "https://bioconductor.org/packages/3.17/data/experiment"
      },
      {
        "Name": "BioCworkflows",
        "URL": "https://bioconductor.org/packages/3.17/workflows"
      },
      {
        "Name": "BioCbooks",
        "URL": "https://bioconductor.org/packages/3.17/books"
      },
      {
        "Name": "CRAN",
        "URL": "https://cloud.r-project.org"
      }
    ]
  },
  "Packages": {
    "renv": {
      "Package": "renv",
      "Version": "0.17.2",
      "Source": "Repository",
      "Repository": "CRAN",
      "Requirements": [
        "utils"
      ],
      "Hash": "aaf3c7f769695266a2113db67a25148b"
    }
  }
}
